Microsoft Visual Studio Solution File, Format Version 12.00
# Visual Studio 2012
Project("{FAE04EC0-301F-11D3-BF4B-00C04F79EFBC}") = "C# Missiles Defense", "C# Missiles Defense.csproj", "{EE8935B2-DA28-4903-BBE2-300E419FEAEC}"
EndProject
Global
	GlobalSection(SolutionConfigurationPlatforms) = preSolution
	Debug|Any CPU = Debug|Any CPU
	ExportDebug|Any CPU = ExportDebug|Any CPU
	ExportRelease|Any CPU = ExportRelease|Any CPU
	EndGlobalSection
	GlobalSection(ProjectConfigurationPlatforms) = postSolution
		{EE8935B2-DA28-4903-BBE2-300E419FEAEC}.Debug|Any CPU.ActiveCfg = Debug|Any CPU
		{EE8935B2-DA28-4903-BBE2-300E419FEAEC}.Debug|Any CPU.Build.0 = Debug|Any CPU
		{EE8935B2-DA28-4903-BBE2-300E419FEAEC}.ExportDebug|Any CPU.ActiveCfg = ExportDebug|Any CPU
		{EE8935B2-DA28-4903-BBE2-300E419FEAEC}.ExportDebug|Any CPU.Build.0 = ExportDebug|Any CPU
		{EE8935B2-DA28-4903-BBE2-300E419FEAEC}.ExportRelease|Any CPU.ActiveCfg = ExportRelease|Any CPU
		{EE8935B2-DA28-4903-BBE2-300E419FEAEC}.ExportRelease|Any CPU.Build.0 = ExportRelease|Any CPU
	EndGlobalSection
EndGlobal
